
Microsoft Visual Studio Solution File, Format Version 12.00
# Visual Studio Version 17
VisualStudioVersion = 17.13.35931.197 d17.13
MinimumVisualStudioVersion = 10.0.40219.1
Project("{FAE04EC0-301F-11D3-BF4B-00C04F79EFBC}") = "HashTable", "HashTable\HashTable.csproj", "{690FD11A-A0EC-4F2D-BC9A-641662626493}"
EndProject
Global
	GlobalSection(SolutionConfigurationPlatforms) = preSolution
		Debug|Any CPU = Debug|Any CPU
		Release|Any CPU = Release|Any CPU
	EndGlobalSection
	GlobalSection(ProjectConfigurationPlatforms) = postSolution
		{690FD11A-A0EC-4F2D-BC9A-641662626493}.Debug|Any CPU.ActiveCfg = Debug|Any CPU
		{690FD11A-A0EC-4F2D-BC9A-641662626493}.Debug|Any CPU.Build.0 = Debug|Any CPU
		{690FD11A-A0EC-4F2D-BC9A-641662626493}.Release|Any CPU.ActiveCfg = Release|Any CPU
		{690FD11A-A0EC-4F2D-BC9A-641662626493}.Release|Any CPU.Build.0 = Release|Any CPU
	EndGlobalSection
	GlobalSection(SolutionProperties) = preSolution
		HideSolutionNode = FALSE
	EndGlobalSection
	GlobalSection(ExtensibilityGlobals) = postSolution
		SolutionGuid = {56D33FAB-5F47-4BC6-AB76-66CA2C7A3645}
	EndGlobalSection
EndGlobal
