
Microsoft Visual Studio Solution File, Format Version 12.00
# Visual Studio Version 17
VisualStudioVersion = 17.13.35931.197
MinimumVisualStudioVersion = 10.0.40219.1
Project("{FAE04EC0-301F-11D3-BF4B-00C04F79EFBC}") = "Stack", "Stack\Stack.csproj", "{8564951A-43FD-44A8-BEFB-33FFB83C5321}"
EndProject
Project("{FAE04EC0-301F-11D3-BF4B-00C04F79EFBC}") = "Queue", "Queue\Queue.csproj", "{5FA19F73-AF8A-4447-807A-B67DD22EC9C6}"
EndProject
Project("{FAE04EC0-301F-11D3-BF4B-00C04F79EFBC}") = "MyQueue", "MyQueue\MyQueue.csproj", "{881BCF11-F309-4CE9-A508-45FF2C44791E}"
EndProject
Global
	GlobalSection(SolutionConfigurationPlatforms) = preSolution
		Debug|Any CPU = Debug|Any CPU
		Release|Any CPU = Release|Any CPU
	EndGlobalSection
	GlobalSection(ProjectConfigurationPlatforms) = postSolution
		{8564951A-43FD-44A8-BEFB-33FFB83C5321}.Debug|Any CPU.ActiveCfg = Debug|Any CPU
		{8564951A-43FD-44A8-BEFB-33FFB83C5321}.Debug|Any CPU.Build.0 = Debug|Any CPU
		{8564951A-43FD-44A8-BEFB-33FFB83C5321}.Release|Any CPU.ActiveCfg = Release|Any CPU
		{8564951A-43FD-44A8-BEFB-33FFB83C5321}.Release|Any CPU.Build.0 = Release|Any CPU
		{5FA19F73-AF8A-4447-807A-B67DD22EC9C6}.Debug|Any CPU.ActiveCfg = Debug|Any CPU
		{5FA19F73-AF8A-4447-807A-B67DD22EC9C6}.Debug|Any CPU.Build.0 = Debug|Any CPU
		{5FA19F73-AF8A-4447-807A-B67DD22EC9C6}.Release|Any CPU.ActiveCfg = Release|Any CPU
		{5FA19F73-AF8A-4447-807A-B67DD22EC9C6}.Release|Any CPU.Build.0 = Release|Any CPU
		{881BCF11-F309-4CE9-A508-45FF2C44791E}.Debug|Any CPU.ActiveCfg = Debug|Any CPU
		{881BCF11-F309-4CE9-A508-45FF2C44791E}.Debug|Any CPU.Build.0 = Debug|Any CPU
		{881BCF11-F309-4CE9-A508-45FF2C44791E}.Release|Any CPU.ActiveCfg = Release|Any CPU
		{881BCF11-F309-4CE9-A508-45FF2C44791E}.Release|Any CPU.Build.0 = Release|Any CPU
	EndGlobalSection
	GlobalSection(SolutionProperties) = preSolution
		HideSolutionNode = FALSE
	EndGlobalSection
	GlobalSection(ExtensibilityGlobals) = postSolution
		SolutionGuid = {472F15A8-0767-4AA7-A37C-1EA636FC61A6}
	EndGlobalSection
EndGlobal
